
Microsoft Visual Studio Solution File, Format Version 11.00
# Visual Studio 2010
Project("{FAE04EC0-301F-11D3-BF4B-00C04F79EFBC}") = "RescueFriends_19.4.7f", "Assembly-CSharp.csproj", "{44156656-B87D-F997-FD3C-ED0BFD9BEC27}"
EndProject
Project("{FAE04EC0-301F-11D3-BF4B-00C04F79EFBC}") = "RescueFriends_19.4.7f", "Assembly-CSharp-Editor.csproj", "{713D9CEF-3290-B965-83EF-47C093F97391}"
EndProject
Global
	GlobalSection(SolutionConfigurationPlatforms) = preSolution
		Debug|Any CPU = Debug|Any CPU
		Release|Any CPU = Release|Any CPU
	EndGlobalSection
	GlobalSection(ProjectConfigurationPlatforms) = postSolution
		{44156656-B87D-F997-FD3C-ED0BFD9BEC27}.Debug|Any CPU.ActiveCfg = Debug|Any CPU
		{44156656-B87D-F997-FD3C-ED0BFD9BEC27}.Debug|Any CPU.Build.0 = Debug|Any CPU
		{44156656-B87D-F997-FD3C-ED0BFD9BEC27}.Release|Any CPU.ActiveCfg = Release|Any CPU
		{44156656-B87D-F997-FD3C-ED0BFD9BEC27}.Release|Any CPU.Build.0 = Release|Any CPU
		{713D9CEF-3290-B965-83EF-47C093F97391}.Debug|Any CPU.ActiveCfg = Debug|Any CPU
		{713D9CEF-3290-B965-83EF-47C093F97391}.Debug|Any CPU.Build.0 = Debug|Any CPU
		{713D9CEF-3290-B965-83EF-47C093F97391}.Release|Any CPU.ActiveCfg = Release|Any CPU
		{713D9CEF-3290-B965-83EF-47C093F97391}.Release|Any CPU.Build.0 = Release|Any CPU
	EndGlobalSection
	GlobalSection(SolutionProperties) = preSolution
		HideSolutionNode = FALSE
	EndGlobalSection
	GlobalSection(MonoDevelopProperties) = preSolution
		StartupItem = Assembly-CSharp.csproj
	EndGlobalSection
EndGlobal
