
Microsoft Visual Studio Solution File, Format Version 12.00
# Visual Studio 2015
Project("{FAE04EC0-301F-11D3-BF4B-00C04F79EFBC}") = "RescueFriends_564_FB_Retry", "RescueFriends_564_FB_Retry.csproj", "{9A5E5EC8-BBBA-E7BD-C110-C9EFB94D23DF}"
EndProject
Project("{FAE04EC0-301F-11D3-BF4B-00C04F79EFBC}") = "RescueFriends_564_FB_Retry.Editor", "RescueFriends_564_FB_Retry.Editor.csproj", "{10F3E990-B39B-6B89-771E-E45B1D3E2E5D}"
EndProject
Global
	GlobalSection(SolutionConfigurationPlatforms) = preSolution
		Debug|Any CPU = Debug|Any CPU
		Release|Any CPU = Release|Any CPU
	EndGlobalSection
	GlobalSection(ProjectConfigurationPlatforms) = postSolution
		{9A5E5EC8-BBBA-E7BD-C110-C9EFB94D23DF}.Debug|Any CPU.ActiveCfg = Debug|Any CPU
		{9A5E5EC8-BBBA-E7BD-C110-C9EFB94D23DF}.Debug|Any CPU.Build.0 = Debug|Any CPU
		{9A5E5EC8-BBBA-E7BD-C110-C9EFB94D23DF}.Release|Any CPU.ActiveCfg = Release|Any CPU
		{9A5E5EC8-BBBA-E7BD-C110-C9EFB94D23DF}.Release|Any CPU.Build.0 = Release|Any CPU
		{10F3E990-B39B-6B89-771E-E45B1D3E2E5D}.Debug|Any CPU.ActiveCfg = Debug|Any CPU
		{10F3E990-B39B-6B89-771E-E45B1D3E2E5D}.Debug|Any CPU.Build.0 = Debug|Any CPU
		{10F3E990-B39B-6B89-771E-E45B1D3E2E5D}.Release|Any CPU.ActiveCfg = Release|Any CPU
		{10F3E990-B39B-6B89-771E-E45B1D3E2E5D}.Release|Any CPU.Build.0 = Release|Any CPU
	EndGlobalSection
	GlobalSection(SolutionProperties) = preSolution
		HideSolutionNode = FALSE
	EndGlobalSection
EndGlobal
